
Microsoft Visual Studio Solution File, Format Version 12.00
# Visual Studio Version 17
VisualStudioVersion = 17.4.33403.182
MinimumVisualStudioVersion = 10.0.40219.1
Project("{FAE04EC0-301F-11D3-BF4B-00C04F79EFBC}") = "object-detection-backend", "object-detection-backend\object-detection-backend.csproj", "{02EEE968-895D-44C8-9CA8-6B25C77D5CC4}"
EndProject
Global
	GlobalSection(SolutionConfigurationPlatforms) = preSolution
		Debug|Any CPU = Debug|Any CPU
		Release|Any CPU = Release|Any CPU
	EndGlobalSection
	GlobalSection(ProjectConfigurationPlatforms) = postSolution
		{02EEE968-895D-44C8-9CA8-6B25C77D5CC4}.Debug|Any CPU.ActiveCfg = Debug|Any CPU
		{02EEE968-895D-44C8-9CA8-6B25C77D5CC4}.Debug|Any CPU.Build.0 = Debug|Any CPU
		{02EEE968-895D-44C8-9CA8-6B25C77D5CC4}.Release|Any CPU.ActiveCfg = Release|Any CPU
		{02EEE968-895D-44C8-9CA8-6B25C77D5CC4}.Release|Any CPU.Build.0 = Release|Any CPU
	EndGlobalSection
	GlobalSection(SolutionProperties) = preSolution
		HideSolutionNode = FALSE
	EndGlobalSection
	GlobalSection(ExtensibilityGlobals) = postSolution
		SolutionGuid = {7BD23664-FB60-426A-A123-D65E27ED5B18}
	EndGlobalSection
EndGlobal
