
Microsoft Visual Studio Solution File, Format Version 12.00
# Visual Studio Version 17
VisualStudioVersion = 17.5.33414.496
MinimumVisualStudioVersion = 10.0.40219.1
Project("{FAE04EC0-301F-11D3-BF4B-00C04F79EFBC}") = "card-detection-api", "card-detection-api\card-detection-api.csproj", "{9F14BF94-E810-4A59-B34D-979708A2055E}"
EndProject
Global
	GlobalSection(SolutionConfigurationPlatforms) = preSolution
		Debug|Any CPU = Debug|Any CPU
		Release|Any CPU = Release|Any CPU
	EndGlobalSection
	GlobalSection(ProjectConfigurationPlatforms) = postSolution
		{9F14BF94-E810-4A59-B34D-979708A2055E}.Debug|Any CPU.ActiveCfg = Debug|Any CPU
		{9F14BF94-E810-4A59-B34D-979708A2055E}.Debug|Any CPU.Build.0 = Debug|Any CPU
		{9F14BF94-E810-4A59-B34D-979708A2055E}.Release|Any CPU.ActiveCfg = Release|Any CPU
		{9F14BF94-E810-4A59-B34D-979708A2055E}.Release|Any CPU.Build.0 = Release|Any CPU
	EndGlobalSection
	GlobalSection(SolutionProperties) = preSolution
		HideSolutionNode = FALSE
	EndGlobalSection
	GlobalSection(ExtensibilityGlobals) = postSolution
		SolutionGuid = {7756CAF4-6347-4F79-8350-91BA5BDB1A60}
	EndGlobalSection
EndGlobal
